
Microsoft Visual Studio Solution File, Format Version 12.00
# Visual Studio Version 17
VisualStudioVersion = 17.9.34714.143
MinimumVisualStudioVersion = 10.0.40219.1
Project("{FAE04EC0-301F-11D3-BF4B-00C04F79EFBC}") = "VehicleManagement.API", "VehicleManagement.API\VehicleManagement.API.csproj", "{D95E6515-B556-4EDF-A6D5-4D6BF5086DD6}"
EndProject
Project("{FAE04EC0-301F-11D3-BF4B-00C04F79EFBC}") = "VehicleManagement.DomainModel", "VehicleManagement.DomainModel\VehicleManagement.DomainModel.csproj", "{4E7B6085-E78E-4A1F-9ED7-B0B484597366}"
EndProject
Project("{FAE04EC0-301F-11D3-BF4B-00C04F79EFBC}") = "VehicleManagement.DomainService", "VehicleManagement.DomainService\VehicleManagement.DomainService.csproj", "{96C0A3DC-558A-4880-BE0A-69E9625E790A}"
EndProject
Project("{FAE04EC0-301F-11D3-BF4B-00C04F79EFBC}") = "VehicleManagement.Infrastructure", "VehicleManagement.Infrastructure\VehicleManagement.Infrastructure.csproj", "{42733DFD-A216-4EE2-9A99-46C943D1D627}"
EndProject
Project("{FAE04EC0-301F-11D3-BF4B-00C04F79EFBC}") = "VehicleManagement.Application", "VehicleManagement.Application\VehicleManagement.Application.csproj", "{243C06CB-8377-4349-B089-C22D8155919A}"
EndProject
Project("{FAE04EC0-301F-11D3-BF4B-00C04F79EFBC}") = "VehicleManagement.Resources", "VehicleManagement.Resources\VehicleManagement.Resources.csproj", "{F1BD5C32-1AAC-46DC-B4A7-783CFEC10E56}"
EndProject
Project("{FAE04EC0-301F-11D3-BF4B-00C04F79EFBC}") = "TrackingCode", "TrackingCode\TrackingCode.csproj", "{B89F9EE5-C4F0-485B-8324-026B25D8D619}"
EndProject
Global
	GlobalSection(SolutionConfigurationPlatforms) = preSolution
		Debug|Any CPU = Debug|Any CPU
		Release|Any CPU = Release|Any CPU
	EndGlobalSection
	GlobalSection(ProjectConfigurationPlatforms) = postSolution
		{D95E6515-B556-4EDF-A6D5-4D6BF5086DD6}.Debug|Any CPU.ActiveCfg = Debug|Any CPU
		{D95E6515-B556-4EDF-A6D5-4D6BF5086DD6}.Debug|Any CPU.Build.0 = Debug|Any CPU
		{D95E6515-B556-4EDF-A6D5-4D6BF5086DD6}.Release|Any CPU.ActiveCfg = Release|Any CPU
		{D95E6515-B556-4EDF-A6D5-4D6BF5086DD6}.Release|Any CPU.Build.0 = Release|Any CPU
		{4E7B6085-E78E-4A1F-9ED7-B0B484597366}.Debug|Any CPU.ActiveCfg = Debug|Any CPU
		{4E7B6085-E78E-4A1F-9ED7-B0B484597366}.Debug|Any CPU.Build.0 = Debug|Any CPU
		{4E7B6085-E78E-4A1F-9ED7-B0B484597366}.Release|Any CPU.ActiveCfg = Release|Any CPU
		{4E7B6085-E78E-4A1F-9ED7-B0B484597366}.Release|Any CPU.Build.0 = Release|Any CPU
		{96C0A3DC-558A-4880-BE0A-69E9625E790A}.Debug|Any CPU.ActiveCfg = Debug|Any CPU
		{96C0A3DC-558A-4880-BE0A-69E9625E790A}.Debug|Any CPU.Build.0 = Debug|Any CPU
		{96C0A3DC-558A-4880-BE0A-69E9625E790A}.Release|Any CPU.ActiveCfg = Release|Any CPU
		{96C0A3DC-558A-4880-BE0A-69E9625E790A}.Release|Any CPU.Build.0 = Release|Any CPU
		{42733DFD-A216-4EE2-9A99-46C943D1D627}.Debug|Any CPU.ActiveCfg = Debug|Any CPU
		{42733DFD-A216-4EE2-9A99-46C943D1D627}.Debug|Any CPU.Build.0 = Debug|Any CPU
		{42733DFD-A216-4EE2-9A99-46C943D1D627}.Release|Any CPU.ActiveCfg = Release|Any CPU
		{42733DFD-A216-4EE2-9A99-46C943D1D627}.Release|Any CPU.Build.0 = Release|Any CPU
		{243C06CB-8377-4349-B089-C22D8155919A}.Debug|Any CPU.ActiveCfg = Debug|Any CPU
		{243C06CB-8377-4349-B089-C22D8155919A}.Debug|Any CPU.Build.0 = Debug|Any CPU
		{243C06CB-8377-4349-B089-C22D8155919A}.Release|Any CPU.ActiveCfg = Release|Any CPU
		{243C06CB-8377-4349-B089-C22D8155919A}.Release|Any CPU.Build.0 = Release|Any CPU
		{F1BD5C32-1AAC-46DC-B4A7-783CFEC10E56}.Debug|Any CPU.ActiveCfg = Debug|Any CPU
		{F1BD5C32-1AAC-46DC-B4A7-783CFEC10E56}.Debug|Any CPU.Build.0 = Debug|Any CPU
		{F1BD5C32-1AAC-46DC-B4A7-783CFEC10E56}.Release|Any CPU.ActiveCfg = Release|Any CPU
		{F1BD5C32-1AAC-46DC-B4A7-783CFEC10E56}.Release|Any CPU.Build.0 = Release|Any CPU
		{B89F9EE5-C4F0-485B-8324-026B25D8D619}.Debug|Any CPU.ActiveCfg = Debug|Any CPU
		{B89F9EE5-C4F0-485B-8324-026B25D8D619}.Debug|Any CPU.Build.0 = Debug|Any CPU
		{B89F9EE5-C4F0-485B-8324-026B25D8D619}.Release|Any CPU.ActiveCfg = Release|Any CPU
		{B89F9EE5-C4F0-485B-8324-026B25D8D619}.Release|Any CPU.Build.0 = Release|Any CPU
	EndGlobalSection
	GlobalSection(SolutionProperties) = preSolution
		HideSolutionNode = FALSE
	EndGlobalSection
	GlobalSection(ExtensibilityGlobals) = postSolution
		SolutionGuid = {E6B65054-DD4F-4478-99F4-DC0611725B78}
	EndGlobalSection
EndGlobal
